
Microsoft Visual Studio Solution File, Format Version 12.00
# Visual Studio Version 16
VisualStudioVersion = 16.0.31613.86
MinimumVisualStudioVersion = 10.0.40219.1
Project("{FAE04EC0-301F-11D3-BF4B-00C04F79EFBC}") = "ControlesWebIntrinsecos", "ControlesWebIntrinsecos\ControlesWebIntrinsecos.csproj", "{ACA76E97-48ED-49F7-BA6D-CCF2E424B9C0}"
EndProject
Global
	GlobalSection(SolutionConfigurationPlatforms) = preSolution
		Debug|Any CPU = Debug|Any CPU
		Release|Any CPU = Release|Any CPU
	EndGlobalSection
	GlobalSection(ProjectConfigurationPlatforms) = postSolution
		{ACA76E97-48ED-49F7-BA6D-CCF2E424B9C0}.Debug|Any CPU.ActiveCfg = Debug|Any CPU
		{ACA76E97-48ED-49F7-BA6D-CCF2E424B9C0}.Debug|Any CPU.Build.0 = Debug|Any CPU
		{ACA76E97-48ED-49F7-BA6D-CCF2E424B9C0}.Release|Any CPU.ActiveCfg = Release|Any CPU
		{ACA76E97-48ED-49F7-BA6D-CCF2E424B9C0}.Release|Any CPU.Build.0 = Release|Any CPU
	EndGlobalSection
	GlobalSection(SolutionProperties) = preSolution
		HideSolutionNode = FALSE
	EndGlobalSection
	GlobalSection(ExtensibilityGlobals) = postSolution
		SolutionGuid = {98F19EBC-E240-439F-AC62-C30F8A689344}
	EndGlobalSection
EndGlobal
